
Microsoft Visual Studio Solution File, Format Version 12.00
# Visual Studio 14
VisualStudioVersion = 14.0.25420.1
MinimumVisualStudioVersion = 10.0.40219.1
Project("{FAE04EC0-301F-11D3-BF4B-00C04F79EFBC}") = "ChallengeSimpleDarts", "ChallengeSimpleDarts\ChallengeSimpleDarts.csproj", "{A34A0093-B761-43C1-8425-F76BEF5CA043}"
EndProject
Project("{FAE04EC0-301F-11D3-BF4B-00C04F79EFBC}") = "Darts", "Darts\Darts.csproj", "{74507A1F-0022-41C3-8768-8A8B0E5CBBD4}"
EndProject
Global
	GlobalSection(SolutionConfigurationPlatforms) = preSolution
		Debug|Any CPU = Debug|Any CPU
		Release|Any CPU = Release|Any CPU
	EndGlobalSection
	GlobalSection(ProjectConfigurationPlatforms) = postSolution
		{A34A0093-B761-43C1-8425-F76BEF5CA043}.Debug|Any CPU.ActiveCfg = Debug|Any CPU
		{A34A0093-B761-43C1-8425-F76BEF5CA043}.Debug|Any CPU.Build.0 = Debug|Any CPU
		{A34A0093-B761-43C1-8425-F76BEF5CA043}.Release|Any CPU.ActiveCfg = Release|Any CPU
		{A34A0093-B761-43C1-8425-F76BEF5CA043}.Release|Any CPU.Build.0 = Release|Any CPU
		{74507A1F-0022-41C3-8768-8A8B0E5CBBD4}.Debug|Any CPU.ActiveCfg = Debug|Any CPU
		{74507A1F-0022-41C3-8768-8A8B0E5CBBD4}.Debug|Any CPU.Build.0 = Debug|Any CPU
		{74507A1F-0022-41C3-8768-8A8B0E5CBBD4}.Release|Any CPU.ActiveCfg = Release|Any CPU
		{74507A1F-0022-41C3-8768-8A8B0E5CBBD4}.Release|Any CPU.Build.0 = Release|Any CPU
	EndGlobalSection
	GlobalSection(SolutionProperties) = preSolution
		HideSolutionNode = FALSE
	EndGlobalSection
EndGlobal
